
Microsoft Visual Studio Solution File, Format Version 12.00
# Visual Studio Version 16
VisualStudioVersion = 16.0.28407.52
MinimumVisualStudioVersion = 10.0.40219.1
Project("{2150E333-8FDC-42A3-9474-1A3956D46DE8}") = "1.Presentation", "1.Presentation", "{674513B2-18C7-43CA-84F5-C300701EE7E7}"
EndProject
Project("{2150E333-8FDC-42A3-9474-1A3956D46DE8}") = "2.Aplication", "2.Aplication", "{4765F793-C8B5-4FBB-9689-E20C7F8353FE}"
EndProject
Project("{2150E333-8FDC-42A3-9474-1A3956D46DE8}") = "3.Domain", "3.Domain", "{A2CB09F8-7790-4190-A71C-4A9FC9A7E747}"
EndProject
Project("{2150E333-8FDC-42A3-9474-1A3956D46DE8}") = "4.Infraestructure", "4.Infraestructure", "{6FA0A00C-80E3-410E-9139-3EDAE43D243C}"
EndProject
Project("{2150E333-8FDC-42A3-9474-1A3956D46DE8}") = "4.1.Data", "4.1.Data", "{90FB269A-AC71-4A1B-9348-7EBD1A064935}"
EndProject
Project("{2150E333-8FDC-42A3-9474-1A3956D46DE8}") = "4.2.Transversal", "4.2.Transversal", "{4E871D8F-12B5-41A8-994A-07291E22DDC9}"
EndProject
Project("{FAE04EC0-301F-11D3-BF4B-00C04F79EFBC}") = "Application.Contracts", "Application.Contracts\Application.Contracts.csproj", "{AD253E44-C0C4-428F-BD1D-5B6CE4052AA6}"
EndProject
Project("{FAE04EC0-301F-11D3-BF4B-00C04F79EFBC}") = "Application.Core", "Application.Core\Application.Core.csproj", "{BEFA57E9-7123-47B1-8613-8D334E42DF5A}"
EndProject
Project("{FAE04EC0-301F-11D3-BF4B-00C04F79EFBC}") = "Application.Implementations", "Application.Implementations\Application.Implementations.csproj", "{80255AF8-6898-4CCB-B7BC-C9229A9B7020}"
EndProject
Project("{FAE04EC0-301F-11D3-BF4B-00C04F79EFBC}") = "Domain.Contracts", "Domain.Contracts\Domain.Contracts.csproj", "{B733CE30-E319-4825-8353-A7ABD7BAFBA4}"
EndProject
Project("{FAE04EC0-301F-11D3-BF4B-00C04F79EFBC}") = "Domain.Core", "Domain.Core\Domain.Core.csproj", "{389BEE7A-2E26-44A7-A06F-5B4F7E56DCB4}"
EndProject
Project("{FAE04EC0-301F-11D3-BF4B-00C04F79EFBC}") = "Data.Persistence.Core", "Data.Persistence.Core\Data.Persistence.Core.csproj", "{9F32AEA3-B138-4F12-8824-C7A511CE5DEA}"
EndProject
Project("{FAE04EC0-301F-11D3-BF4B-00C04F79EFBC}") = "Data.Persistence.Repository", "Data.Persistence.Repository\Data.Persistence.Repository.csproj", "{44A6AAC3-5FF5-4158-A8D8-675AB7F9B197}"
EndProject
Project("{FAE04EC0-301F-11D3-BF4B-00C04F79EFBC}") = "Data.Persistence.Implementation", "Data.Persistence.Implementation\Data.Persistence.Implementation.csproj", "{AD472B07-5623-497D-A0E5-742EE8CC0F47}"
EndProject
Project("{FAE04EC0-301F-11D3-BF4B-00C04F79EFBC}") = "Utilities.IoC", "Utilities.IoC\Utilities.IoC.csproj", "{C67576A3-CB40-45DB-971D-6AA097C5A7C7}"
EndProject
Project("{FAE04EC0-301F-11D3-BF4B-00C04F79EFBC}") = "Web_API", "Web_API\Web_API.csproj", "{FD516BCB-8F6C-40E7-A18F-57EA7E199884}"
EndProject
Global
	GlobalSection(SolutionConfigurationPlatforms) = preSolution
		Debug|Any CPU = Debug|Any CPU
		Release|Any CPU = Release|Any CPU
	EndGlobalSection
	GlobalSection(ProjectConfigurationPlatforms) = postSolution
		{AD253E44-C0C4-428F-BD1D-5B6CE4052AA6}.Debug|Any CPU.ActiveCfg = Debug|Any CPU
		{AD253E44-C0C4-428F-BD1D-5B6CE4052AA6}.Debug|Any CPU.Build.0 = Debug|Any CPU
		{AD253E44-C0C4-428F-BD1D-5B6CE4052AA6}.Release|Any CPU.ActiveCfg = Release|Any CPU
		{AD253E44-C0C4-428F-BD1D-5B6CE4052AA6}.Release|Any CPU.Build.0 = Release|Any CPU
		{BEFA57E9-7123-47B1-8613-8D334E42DF5A}.Debug|Any CPU.ActiveCfg = Debug|Any CPU
		{BEFA57E9-7123-47B1-8613-8D334E42DF5A}.Debug|Any CPU.Build.0 = Debug|Any CPU
		{BEFA57E9-7123-47B1-8613-8D334E42DF5A}.Release|Any CPU.ActiveCfg = Release|Any CPU
		{BEFA57E9-7123-47B1-8613-8D334E42DF5A}.Release|Any CPU.Build.0 = Release|Any CPU
		{80255AF8-6898-4CCB-B7BC-C9229A9B7020}.Debug|Any CPU.ActiveCfg = Debug|Any CPU
		{80255AF8-6898-4CCB-B7BC-C9229A9B7020}.Debug|Any CPU.Build.0 = Debug|Any CPU
		{80255AF8-6898-4CCB-B7BC-C9229A9B7020}.Release|Any CPU.ActiveCfg = Release|Any CPU
		{80255AF8-6898-4CCB-B7BC-C9229A9B7020}.Release|Any CPU.Build.0 = Release|Any CPU
		{B733CE30-E319-4825-8353-A7ABD7BAFBA4}.Debug|Any CPU.ActiveCfg = Debug|Any CPU
		{B733CE30-E319-4825-8353-A7ABD7BAFBA4}.Debug|Any CPU.Build.0 = Debug|Any CPU
		{B733CE30-E319-4825-8353-A7ABD7BAFBA4}.Release|Any CPU.ActiveCfg = Release|Any CPU
		{B733CE30-E319-4825-8353-A7ABD7BAFBA4}.Release|Any CPU.Build.0 = Release|Any CPU
		{389BEE7A-2E26-44A7-A06F-5B4F7E56DCB4}.Debug|Any CPU.ActiveCfg = Debug|Any CPU
		{389BEE7A-2E26-44A7-A06F-5B4F7E56DCB4}.Debug|Any CPU.Build.0 = Debug|Any CPU
		{389BEE7A-2E26-44A7-A06F-5B4F7E56DCB4}.Release|Any CPU.ActiveCfg = Release|Any CPU
		{389BEE7A-2E26-44A7-A06F-5B4F7E56DCB4}.Release|Any CPU.Build.0 = Release|Any CPU
		{9F32AEA3-B138-4F12-8824-C7A511CE5DEA}.Debug|Any CPU.ActiveCfg = Debug|Any CPU
		{9F32AEA3-B138-4F12-8824-C7A511CE5DEA}.Debug|Any CPU.Build.0 = Debug|Any CPU
		{9F32AEA3-B138-4F12-8824-C7A511CE5DEA}.Release|Any CPU.ActiveCfg = Release|Any CPU
		{9F32AEA3-B138-4F12-8824-C7A511CE5DEA}.Release|Any CPU.Build.0 = Release|Any CPU
		{44A6AAC3-5FF5-4158-A8D8-675AB7F9B197}.Debug|Any CPU.ActiveCfg = Debug|Any CPU
		{44A6AAC3-5FF5-4158-A8D8-675AB7F9B197}.Debug|Any CPU.Build.0 = Debug|Any CPU
		{44A6AAC3-5FF5-4158-A8D8-675AB7F9B197}.Release|Any CPU.ActiveCfg = Release|Any CPU
		{44A6AAC3-5FF5-4158-A8D8-675AB7F9B197}.Release|Any CPU.Build.0 = Release|Any CPU
		{AD472B07-5623-497D-A0E5-742EE8CC0F47}.Debug|Any CPU.ActiveCfg = Debug|Any CPU
		{AD472B07-5623-497D-A0E5-742EE8CC0F47}.Debug|Any CPU.Build.0 = Debug|Any CPU
		{AD472B07-5623-497D-A0E5-742EE8CC0F47}.Release|Any CPU.ActiveCfg = Release|Any CPU
		{AD472B07-5623-497D-A0E5-742EE8CC0F47}.Release|Any CPU.Build.0 = Release|Any CPU
		{C67576A3-CB40-45DB-971D-6AA097C5A7C7}.Debug|Any CPU.ActiveCfg = Debug|Any CPU
		{C67576A3-CB40-45DB-971D-6AA097C5A7C7}.Debug|Any CPU.Build.0 = Debug|Any CPU
		{C67576A3-CB40-45DB-971D-6AA097C5A7C7}.Release|Any CPU.ActiveCfg = Release|Any CPU
		{C67576A3-CB40-45DB-971D-6AA097C5A7C7}.Release|Any CPU.Build.0 = Release|Any CPU
		{FD516BCB-8F6C-40E7-A18F-57EA7E199884}.Debug|Any CPU.ActiveCfg = Debug|Any CPU
		{FD516BCB-8F6C-40E7-A18F-57EA7E199884}.Debug|Any CPU.Build.0 = Debug|Any CPU
		{FD516BCB-8F6C-40E7-A18F-57EA7E199884}.Release|Any CPU.ActiveCfg = Release|Any CPU
		{FD516BCB-8F6C-40E7-A18F-57EA7E199884}.Release|Any CPU.Build.0 = Release|Any CPU
	EndGlobalSection
	GlobalSection(SolutionProperties) = preSolution
		HideSolutionNode = FALSE
	EndGlobalSection
	GlobalSection(NestedProjects) = preSolution
		{90FB269A-AC71-4A1B-9348-7EBD1A064935} = {6FA0A00C-80E3-410E-9139-3EDAE43D243C}
		{4E871D8F-12B5-41A8-994A-07291E22DDC9} = {6FA0A00C-80E3-410E-9139-3EDAE43D243C}
		{AD253E44-C0C4-428F-BD1D-5B6CE4052AA6} = {4765F793-C8B5-4FBB-9689-E20C7F8353FE}
		{BEFA57E9-7123-47B1-8613-8D334E42DF5A} = {4765F793-C8B5-4FBB-9689-E20C7F8353FE}
		{80255AF8-6898-4CCB-B7BC-C9229A9B7020} = {4765F793-C8B5-4FBB-9689-E20C7F8353FE}
		{B733CE30-E319-4825-8353-A7ABD7BAFBA4} = {A2CB09F8-7790-4190-A71C-4A9FC9A7E747}
		{389BEE7A-2E26-44A7-A06F-5B4F7E56DCB4} = {A2CB09F8-7790-4190-A71C-4A9FC9A7E747}
		{9F32AEA3-B138-4F12-8824-C7A511CE5DEA} = {90FB269A-AC71-4A1B-9348-7EBD1A064935}
		{44A6AAC3-5FF5-4158-A8D8-675AB7F9B197} = {90FB269A-AC71-4A1B-9348-7EBD1A064935}
		{AD472B07-5623-497D-A0E5-742EE8CC0F47} = {90FB269A-AC71-4A1B-9348-7EBD1A064935}
		{C67576A3-CB40-45DB-971D-6AA097C5A7C7} = {4E871D8F-12B5-41A8-994A-07291E22DDC9}
		{FD516BCB-8F6C-40E7-A18F-57EA7E199884} = {674513B2-18C7-43CA-84F5-C300701EE7E7}
	EndGlobalSection
	GlobalSection(ExtensibilityGlobals) = postSolution
		SolutionGuid = {5CCA932D-57AA-48C6-B4E9-43E84EF8323D}
	EndGlobalSection
EndGlobal
